
Microsoft Visual Studio Solution File, Format Version 12.00
# Visual Studio Version 17
VisualStudioVersion = 17.9.34607.119
MinimumVisualStudioVersion = 10.0.40219.1
Project("{FAE04EC0-301F-11D3-BF4B-00C04F79EFBC}") = "BFS", "BFS.csproj", "{B6E9AC09-32D3-4C63-A73D-E94E9951AB41}"
EndProject
Global
	GlobalSection(SolutionConfigurationPlatforms) = preSolution
		Debug|Any CPU = Debug|Any CPU
		Release|Any CPU = Release|Any CPU
	EndGlobalSection
	GlobalSection(ProjectConfigurationPlatforms) = postSolution
		{B6E9AC09-32D3-4C63-A73D-E94E9951AB41}.Debug|Any CPU.ActiveCfg = Debug|Any CPU
		{B6E9AC09-32D3-4C63-A73D-E94E9951AB41}.Debug|Any CPU.Build.0 = Debug|Any CPU
		{B6E9AC09-32D3-4C63-A73D-E94E9951AB41}.Release|Any CPU.ActiveCfg = Release|Any CPU
		{B6E9AC09-32D3-4C63-A73D-E94E9951AB41}.Release|Any CPU.Build.0 = Release|Any CPU
	EndGlobalSection
	GlobalSection(SolutionProperties) = preSolution
		HideSolutionNode = FALSE
	EndGlobalSection
	GlobalSection(ExtensibilityGlobals) = postSolution
		SolutionGuid = {DB043078-55AA-4C6E-B6F1-D7EFB7FF14C0}
	EndGlobalSection
EndGlobal
