
Microsoft Visual Studio Solution File, Format Version 12.00
# Visual Studio Version 17
VisualStudioVersion = 17.9.34607.119
MinimumVisualStudioVersion = 10.0.40219.1
Project("{9A19103F-16F7-4668-BE54-9A1E7A4F7556}") = "DocuStatView", "DocuStatView.csproj", "{CE4C1C31-2053-40BD-9BFD-E57534547D9E}"
EndProject
Project("{9A19103F-16F7-4668-BE54-9A1E7A4F7556}") = "DocumentStatistics", "..\..\02Gyak\DocumentStatistics\DocumentStatistics.csproj", "{F4A75559-D415-4D65-9914-FD23734A8F8B}"
EndProject
Global
	GlobalSection(SolutionConfigurationPlatforms) = preSolution
		Debug|Any CPU = Debug|Any CPU
		Release|Any CPU = Release|Any CPU
	EndGlobalSection
	GlobalSection(ProjectConfigurationPlatforms) = postSolution
		{CE4C1C31-2053-40BD-9BFD-E57534547D9E}.Debug|Any CPU.ActiveCfg = Debug|Any CPU
		{CE4C1C31-2053-40BD-9BFD-E57534547D9E}.Debug|Any CPU.Build.0 = Debug|Any CPU
		{CE4C1C31-2053-40BD-9BFD-E57534547D9E}.Release|Any CPU.ActiveCfg = Release|Any CPU
		{CE4C1C31-2053-40BD-9BFD-E57534547D9E}.Release|Any CPU.Build.0 = Release|Any CPU
		{F4A75559-D415-4D65-9914-FD23734A8F8B}.Debug|Any CPU.ActiveCfg = Debug|Any CPU
		{F4A75559-D415-4D65-9914-FD23734A8F8B}.Debug|Any CPU.Build.0 = Debug|Any CPU
		{F4A75559-D415-4D65-9914-FD23734A8F8B}.Release|Any CPU.ActiveCfg = Release|Any CPU
		{F4A75559-D415-4D65-9914-FD23734A8F8B}.Release|Any CPU.Build.0 = Release|Any CPU
	EndGlobalSection
	GlobalSection(SolutionProperties) = preSolution
		HideSolutionNode = FALSE
	EndGlobalSection
	GlobalSection(ExtensibilityGlobals) = postSolution
		SolutionGuid = {866F7ACB-7232-4072-AB36-4D7C33B1AF01}
	EndGlobalSection
EndGlobal
