
Microsoft Visual Studio Solution File, Format Version 12.00
# Visual Studio Version 17
VisualStudioVersion = 17.9.34607.119
MinimumVisualStudioVersion = 10.0.40219.1
Project("{9A19103F-16F7-4668-BE54-9A1E7A4F7556}") = "AknamezoAvalonia", "AknamezoAvalonia.csproj", "{AE0ACB85-850E-4F89-891F-C0D05533093E}"
EndProject
Project("{9A19103F-16F7-4668-BE54-9A1E7A4F7556}") = "AknamezoAvalonia.Android", "..\AknamezoAvalonia.Android\AknamezoAvalonia.Android.csproj", "{00A78C51-8D61-4979-A0DC-847AC4216D0B}"
EndProject
Project("{9A19103F-16F7-4668-BE54-9A1E7A4F7556}") = "AknamezoAvalonia.Desktop", "..\AknamezoAvalonia.Desktop\AknamezoAvalonia.Desktop.csproj", "{62E97153-B0D5-4D92-B665-E9FEF18AF511}"
EndProject
Project("{9A19103F-16F7-4668-BE54-9A1E7A4F7556}") = "AknamezoModel", "..\AknamezoModel\AknamezoModel.csproj", "{8D294CDA-C6C6-4354-809B-DA22BC82D6B4}"
EndProject
Project("{9A19103F-16F7-4668-BE54-9A1E7A4F7556}") = "AknamezoModelTest", "..\AknamezoModelTest\AknamezoModelTest.csproj", "{66724802-A31D-4005-BC28-824672876C23}"
EndProject
Global
	GlobalSection(SolutionConfigurationPlatforms) = preSolution
		Debug|Any CPU = Debug|Any CPU
		Release|Any CPU = Release|Any CPU
	EndGlobalSection
	GlobalSection(ProjectConfigurationPlatforms) = postSolution
		{AE0ACB85-850E-4F89-891F-C0D05533093E}.Debug|Any CPU.ActiveCfg = Debug|Any CPU
		{AE0ACB85-850E-4F89-891F-C0D05533093E}.Debug|Any CPU.Build.0 = Debug|Any CPU
		{AE0ACB85-850E-4F89-891F-C0D05533093E}.Release|Any CPU.ActiveCfg = Release|Any CPU
		{AE0ACB85-850E-4F89-891F-C0D05533093E}.Release|Any CPU.Build.0 = Release|Any CPU
		{00A78C51-8D61-4979-A0DC-847AC4216D0B}.Debug|Any CPU.ActiveCfg = Debug|Any CPU
		{00A78C51-8D61-4979-A0DC-847AC4216D0B}.Debug|Any CPU.Build.0 = Debug|Any CPU
		{00A78C51-8D61-4979-A0DC-847AC4216D0B}.Debug|Any CPU.Deploy.0 = Debug|Any CPU
		{00A78C51-8D61-4979-A0DC-847AC4216D0B}.Release|Any CPU.ActiveCfg = Release|Any CPU
		{00A78C51-8D61-4979-A0DC-847AC4216D0B}.Release|Any CPU.Build.0 = Release|Any CPU
		{00A78C51-8D61-4979-A0DC-847AC4216D0B}.Release|Any CPU.Deploy.0 = Release|Any CPU
		{62E97153-B0D5-4D92-B665-E9FEF18AF511}.Debug|Any CPU.ActiveCfg = Debug|Any CPU
		{62E97153-B0D5-4D92-B665-E9FEF18AF511}.Debug|Any CPU.Build.0 = Debug|Any CPU
		{62E97153-B0D5-4D92-B665-E9FEF18AF511}.Release|Any CPU.ActiveCfg = Release|Any CPU
		{62E97153-B0D5-4D92-B665-E9FEF18AF511}.Release|Any CPU.Build.0 = Release|Any CPU
		{8D294CDA-C6C6-4354-809B-DA22BC82D6B4}.Debug|Any CPU.ActiveCfg = Debug|Any CPU
		{8D294CDA-C6C6-4354-809B-DA22BC82D6B4}.Debug|Any CPU.Build.0 = Debug|Any CPU
		{8D294CDA-C6C6-4354-809B-DA22BC82D6B4}.Release|Any CPU.ActiveCfg = Release|Any CPU
		{8D294CDA-C6C6-4354-809B-DA22BC82D6B4}.Release|Any CPU.Build.0 = Release|Any CPU
		{66724802-A31D-4005-BC28-824672876C23}.Debug|Any CPU.ActiveCfg = Debug|Any CPU
		{66724802-A31D-4005-BC28-824672876C23}.Debug|Any CPU.Build.0 = Debug|Any CPU
		{66724802-A31D-4005-BC28-824672876C23}.Release|Any CPU.ActiveCfg = Release|Any CPU
		{66724802-A31D-4005-BC28-824672876C23}.Release|Any CPU.Build.0 = Release|Any CPU
	EndGlobalSection
	GlobalSection(SolutionProperties) = preSolution
		HideSolutionNode = FALSE
	EndGlobalSection
	GlobalSection(ExtensibilityGlobals) = postSolution
		SolutionGuid = {4CC823DF-56AA-45E8-A653-D44F4DAA9EBB}
	EndGlobalSection
EndGlobal
