
Microsoft Visual Studio Solution File, Format Version 12.00
# Visual Studio Version 17
VisualStudioVersion = 17.9.34607.119
MinimumVisualStudioVersion = 10.0.40219.1
Project("{FAE04EC0-301F-11D3-BF4B-00C04F79EFBC}") = "Gombvadászat", "Gombvadászat.csproj", "{FA8A0CA3-B674-4A4A-902E-6E11F39B599D}"
EndProject
Global
	GlobalSection(SolutionConfigurationPlatforms) = preSolution
		Debug|Any CPU = Debug|Any CPU
		Release|Any CPU = Release|Any CPU
	EndGlobalSection
	GlobalSection(ProjectConfigurationPlatforms) = postSolution
		{FA8A0CA3-B674-4A4A-902E-6E11F39B599D}.Debug|Any CPU.ActiveCfg = Debug|Any CPU
		{FA8A0CA3-B674-4A4A-902E-6E11F39B599D}.Debug|Any CPU.Build.0 = Debug|Any CPU
		{FA8A0CA3-B674-4A4A-902E-6E11F39B599D}.Release|Any CPU.ActiveCfg = Release|Any CPU
		{FA8A0CA3-B674-4A4A-902E-6E11F39B599D}.Release|Any CPU.Build.0 = Release|Any CPU
	EndGlobalSection
	GlobalSection(SolutionProperties) = preSolution
		HideSolutionNode = FALSE
	EndGlobalSection
	GlobalSection(ExtensibilityGlobals) = postSolution
		SolutionGuid = {7E6512B8-CDB2-4E97-8B6D-5F382B0E2E47}
	EndGlobalSection
EndGlobal
