
Microsoft Visual Studio Solution File, Format Version 12.00
# Visual Studio Version 17
VisualStudioVersion = 17.10.35013.160
MinimumVisualStudioVersion = 10.0.40219.1
Project("{9A19103F-16F7-4668-BE54-9A1E7A4F7556}") = "AvaloniaMintaZH", "AvaloniaMintaZH\AvaloniaMintaZH.csproj", "{D88F3142-EB76-4F73-8BC7-AF7E814EF42C}"
EndProject
Project("{9A19103F-16F7-4668-BE54-9A1E7A4F7556}") = "AvaloniaMintaZH.Android", "AvaloniaMintaZH.Android\AvaloniaMintaZH.Android.csproj", "{6465FBC0-4A24-4192-A533-7ED6BAA81722}"
EndProject
Global
	GlobalSection(SolutionConfigurationPlatforms) = preSolution
		Debug|Any CPU = Debug|Any CPU
		Release|Any CPU = Release|Any CPU
	EndGlobalSection
	GlobalSection(ProjectConfigurationPlatforms) = postSolution
		{D88F3142-EB76-4F73-8BC7-AF7E814EF42C}.Debug|Any CPU.ActiveCfg = Debug|Any CPU
		{D88F3142-EB76-4F73-8BC7-AF7E814EF42C}.Debug|Any CPU.Build.0 = Debug|Any CPU
		{D88F3142-EB76-4F73-8BC7-AF7E814EF42C}.Release|Any CPU.ActiveCfg = Release|Any CPU
		{D88F3142-EB76-4F73-8BC7-AF7E814EF42C}.Release|Any CPU.Build.0 = Release|Any CPU
		{6465FBC0-4A24-4192-A533-7ED6BAA81722}.Debug|Any CPU.ActiveCfg = Debug|Any CPU
		{6465FBC0-4A24-4192-A533-7ED6BAA81722}.Debug|Any CPU.Build.0 = Debug|Any CPU
		{6465FBC0-4A24-4192-A533-7ED6BAA81722}.Debug|Any CPU.Deploy.0 = Debug|Any CPU
		{6465FBC0-4A24-4192-A533-7ED6BAA81722}.Release|Any CPU.ActiveCfg = Release|Any CPU
		{6465FBC0-4A24-4192-A533-7ED6BAA81722}.Release|Any CPU.Build.0 = Release|Any CPU
		{6465FBC0-4A24-4192-A533-7ED6BAA81722}.Release|Any CPU.Deploy.0 = Release|Any CPU
	EndGlobalSection
	GlobalSection(SolutionProperties) = preSolution
		HideSolutionNode = FALSE
	EndGlobalSection
	GlobalSection(ExtensibilityGlobals) = postSolution
		SolutionGuid = {2F4C01F1-8899-4FD9-ACB6-4532A54D4C7C}
	EndGlobalSection
EndGlobal
