
Microsoft Visual Studio Solution File, Format Version 12.00
# Visual Studio Version 17
VisualStudioVersion = 17.9.34607.119
MinimumVisualStudioVersion = 10.0.40219.1
Project("{9A19103F-16F7-4668-BE54-9A1E7A4F7556}") = "AknamezoWPF", "AknamezoWPF.csproj", "{77E8528C-1758-48C7-8088-7401BCD0A555}"
EndProject
Project("{9A19103F-16F7-4668-BE54-9A1E7A4F7556}") = "AknamezoModel", "..\AknamezoModel\AknamezoModel.csproj", "{6B4695AF-E0AD-44B0-8623-8CBD04817FF6}"
EndProject
Project("{9A19103F-16F7-4668-BE54-9A1E7A4F7556}") = "AknamezoModelTest", "..\AknamezoModelTest\AknamezoModelTest.csproj", "{78B01767-6764-448C-892F-9B5B3ECD5B77}"
EndProject
Global
	GlobalSection(SolutionConfigurationPlatforms) = preSolution
		Debug|Any CPU = Debug|Any CPU
		Release|Any CPU = Release|Any CPU
	EndGlobalSection
	GlobalSection(ProjectConfigurationPlatforms) = postSolution
		{77E8528C-1758-48C7-8088-7401BCD0A555}.Debug|Any CPU.ActiveCfg = Debug|Any CPU
		{77E8528C-1758-48C7-8088-7401BCD0A555}.Debug|Any CPU.Build.0 = Debug|Any CPU
		{77E8528C-1758-48C7-8088-7401BCD0A555}.Release|Any CPU.ActiveCfg = Release|Any CPU
		{77E8528C-1758-48C7-8088-7401BCD0A555}.Release|Any CPU.Build.0 = Release|Any CPU
		{6B4695AF-E0AD-44B0-8623-8CBD04817FF6}.Debug|Any CPU.ActiveCfg = Debug|Any CPU
		{6B4695AF-E0AD-44B0-8623-8CBD04817FF6}.Debug|Any CPU.Build.0 = Debug|Any CPU
		{6B4695AF-E0AD-44B0-8623-8CBD04817FF6}.Release|Any CPU.ActiveCfg = Release|Any CPU
		{6B4695AF-E0AD-44B0-8623-8CBD04817FF6}.Release|Any CPU.Build.0 = Release|Any CPU
		{78B01767-6764-448C-892F-9B5B3ECD5B77}.Debug|Any CPU.ActiveCfg = Debug|Any CPU
		{78B01767-6764-448C-892F-9B5B3ECD5B77}.Debug|Any CPU.Build.0 = Debug|Any CPU
		{78B01767-6764-448C-892F-9B5B3ECD5B77}.Release|Any CPU.ActiveCfg = Release|Any CPU
		{78B01767-6764-448C-892F-9B5B3ECD5B77}.Release|Any CPU.Build.0 = Release|Any CPU
	EndGlobalSection
	GlobalSection(SolutionProperties) = preSolution
		HideSolutionNode = FALSE
	EndGlobalSection
	GlobalSection(ExtensibilityGlobals) = postSolution
		SolutionGuid = {7350DE80-507D-4F6C-8E05-235C0877BEA2}
	EndGlobalSection
EndGlobal
