
Microsoft Visual Studio Solution File, Format Version 12.00
# Visual Studio Version 17
VisualStudioVersion = 17.6.33723.286
MinimumVisualStudioVersion = 10.0.40219.1
Project("{FAE04EC0-301F-11D3-BF4B-00C04F79EFBC}") = "Ea01", "Ea01.csproj", "{CFBD444A-90EB-4AB6-8074-01F51FD528C3}"
EndProject
Global
	GlobalSection(SolutionConfigurationPlatforms) = preSolution
		Debug|Any CPU = Debug|Any CPU
		Release|Any CPU = Release|Any CPU
	EndGlobalSection
	GlobalSection(ProjectConfigurationPlatforms) = postSolution
		{CFBD444A-90EB-4AB6-8074-01F51FD528C3}.Debug|Any CPU.ActiveCfg = Debug|Any CPU
		{CFBD444A-90EB-4AB6-8074-01F51FD528C3}.Debug|Any CPU.Build.0 = Debug|Any CPU
		{CFBD444A-90EB-4AB6-8074-01F51FD528C3}.Release|Any CPU.ActiveCfg = Release|Any CPU
		{CFBD444A-90EB-4AB6-8074-01F51FD528C3}.Release|Any CPU.Build.0 = Release|Any CPU
	EndGlobalSection
	GlobalSection(SolutionProperties) = preSolution
		HideSolutionNode = FALSE
	EndGlobalSection
	GlobalSection(ExtensibilityGlobals) = postSolution
		SolutionGuid = {2EABC2EB-77B0-446A-8B10-74DD70330147}
	EndGlobalSection
EndGlobal
