
Microsoft Visual Studio Solution File, Format Version 12.00
# Visual Studio Version 17
VisualStudioVersion = 17.9.34607.119
MinimumVisualStudioVersion = 10.0.40219.1
Project("{FAE04EC0-301F-11D3-BF4B-00C04F79EFBC}") = "Timers2", "Timers2.csproj", "{EF039BBC-AF74-4A13-8BB4-DCFCE122857E}"
EndProject
Global
	GlobalSection(SolutionConfigurationPlatforms) = preSolution
		Debug|Any CPU = Debug|Any CPU
		Release|Any CPU = Release|Any CPU
	EndGlobalSection
	GlobalSection(ProjectConfigurationPlatforms) = postSolution
		{EF039BBC-AF74-4A13-8BB4-DCFCE122857E}.Debug|Any CPU.ActiveCfg = Debug|Any CPU
		{EF039BBC-AF74-4A13-8BB4-DCFCE122857E}.Debug|Any CPU.Build.0 = Debug|Any CPU
		{EF039BBC-AF74-4A13-8BB4-DCFCE122857E}.Release|Any CPU.ActiveCfg = Release|Any CPU
		{EF039BBC-AF74-4A13-8BB4-DCFCE122857E}.Release|Any CPU.Build.0 = Release|Any CPU
	EndGlobalSection
	GlobalSection(SolutionProperties) = preSolution
		HideSolutionNode = FALSE
	EndGlobalSection
	GlobalSection(ExtensibilityGlobals) = postSolution
		SolutionGuid = {A35BA296-4D88-4EFF-9FE9-27F26B2544BE}
	EndGlobalSection
EndGlobal
