
Microsoft Visual Studio Solution File, Format Version 12.00
# Visual Studio Version 17
VisualStudioVersion = 17.6.33723.286
MinimumVisualStudioVersion = 10.0.40219.1
Project("{FAE04EC0-301F-11D3-BF4B-00C04F79EFBC}") = "Gyak9Linq", "Gyak9Linq.csproj", "{09975E01-1F59-472B-A3B8-6E833AE666D6}"
EndProject
Global
	GlobalSection(SolutionConfigurationPlatforms) = preSolution
		Debug|Any CPU = Debug|Any CPU
		Release|Any CPU = Release|Any CPU
	EndGlobalSection
	GlobalSection(ProjectConfigurationPlatforms) = postSolution
		{09975E01-1F59-472B-A3B8-6E833AE666D6}.Debug|Any CPU.ActiveCfg = Debug|Any CPU
		{09975E01-1F59-472B-A3B8-6E833AE666D6}.Debug|Any CPU.Build.0 = Debug|Any CPU
		{09975E01-1F59-472B-A3B8-6E833AE666D6}.Release|Any CPU.ActiveCfg = Release|Any CPU
		{09975E01-1F59-472B-A3B8-6E833AE666D6}.Release|Any CPU.Build.0 = Release|Any CPU
	EndGlobalSection
	GlobalSection(SolutionProperties) = preSolution
		HideSolutionNode = FALSE
	EndGlobalSection
	GlobalSection(ExtensibilityGlobals) = postSolution
		SolutionGuid = {3B559A49-BEAE-4142-AEFC-81FB361AAD63}
	EndGlobalSection
EndGlobal
