
Microsoft Visual Studio Solution File, Format Version 12.00
# Visual Studio Version 17
VisualStudioVersion = 17.6.33723.286
MinimumVisualStudioVersion = 10.0.40219.1
Project("{9A19103F-16F7-4668-BE54-9A1E7A4F7556}") = "bea1_BeneZakarias", "bea1_BeneZakarias.csproj", "{70409627-946C-4CFE-8640-0C91AA5067F0}"
EndProject
Global
	GlobalSection(SolutionConfigurationPlatforms) = preSolution
		Debug|Any CPU = Debug|Any CPU
		Release|Any CPU = Release|Any CPU
	EndGlobalSection
	GlobalSection(ProjectConfigurationPlatforms) = postSolution
		{70409627-946C-4CFE-8640-0C91AA5067F0}.Debug|Any CPU.ActiveCfg = Debug|Any CPU
		{70409627-946C-4CFE-8640-0C91AA5067F0}.Debug|Any CPU.Build.0 = Debug|Any CPU
		{70409627-946C-4CFE-8640-0C91AA5067F0}.Release|Any CPU.ActiveCfg = Release|Any CPU
		{70409627-946C-4CFE-8640-0C91AA5067F0}.Release|Any CPU.Build.0 = Release|Any CPU
	EndGlobalSection
	GlobalSection(SolutionProperties) = preSolution
		HideSolutionNode = FALSE
	EndGlobalSection
	GlobalSection(ExtensibilityGlobals) = postSolution
		SolutionGuid = {F98A9A44-7726-414A-A24A-8EE09A9B4CBC}
	EndGlobalSection
EndGlobal
