
Microsoft Visual Studio Solution File, Format Version 12.00
# Visual Studio Version 17
VisualStudioVersion = 17.9.34607.119
MinimumVisualStudioVersion = 10.0.40219.1
Project("{FAE04EC0-301F-11D3-BF4B-00C04F79EFBC}") = "AknamezoModel", "AknamezoModel.csproj", "{A21C3F02-9F01-4219-8653-DD25130FBEAD}"
EndProject
Global
	GlobalSection(SolutionConfigurationPlatforms) = preSolution
		Debug|Any CPU = Debug|Any CPU
		Release|Any CPU = Release|Any CPU
	EndGlobalSection
	GlobalSection(ProjectConfigurationPlatforms) = postSolution
		{A21C3F02-9F01-4219-8653-DD25130FBEAD}.Debug|Any CPU.ActiveCfg = Debug|Any CPU
		{A21C3F02-9F01-4219-8653-DD25130FBEAD}.Debug|Any CPU.Build.0 = Debug|Any CPU
		{A21C3F02-9F01-4219-8653-DD25130FBEAD}.Release|Any CPU.ActiveCfg = Release|Any CPU
		{A21C3F02-9F01-4219-8653-DD25130FBEAD}.Release|Any CPU.Build.0 = Release|Any CPU
	EndGlobalSection
	GlobalSection(SolutionProperties) = preSolution
		HideSolutionNode = FALSE
	EndGlobalSection
	GlobalSection(ExtensibilityGlobals) = postSolution
		SolutionGuid = {A02A49E0-0562-4C7C-98C4-1CE28E9A09E0}
	EndGlobalSection
EndGlobal
