
Microsoft Visual Studio Solution File, Format Version 12.00
# Visual Studio Version 17
VisualStudioVersion = 17.6.33723.286
MinimumVisualStudioVersion = 10.0.40219.1
Project("{FAE04EC0-301F-11D3-BF4B-00C04F79EFBC}") = "Emberek", "Emberek\Emberek.csproj", "{FBD41CC0-B649-48CF-9FF8-81FDD873992A}"
EndProject
Global
	GlobalSection(SolutionConfigurationPlatforms) = preSolution
		Debug|Any CPU = Debug|Any CPU
		Release|Any CPU = Release|Any CPU
	EndGlobalSection
	GlobalSection(ProjectConfigurationPlatforms) = postSolution
		{FBD41CC0-B649-48CF-9FF8-81FDD873992A}.Debug|Any CPU.ActiveCfg = Debug|Any CPU
		{FBD41CC0-B649-48CF-9FF8-81FDD873992A}.Debug|Any CPU.Build.0 = Debug|Any CPU
		{FBD41CC0-B649-48CF-9FF8-81FDD873992A}.Release|Any CPU.ActiveCfg = Release|Any CPU
		{FBD41CC0-B649-48CF-9FF8-81FDD873992A}.Release|Any CPU.Build.0 = Release|Any CPU
	EndGlobalSection
	GlobalSection(SolutionProperties) = preSolution
		HideSolutionNode = FALSE
	EndGlobalSection
	GlobalSection(ExtensibilityGlobals) = postSolution
		SolutionGuid = {BFDEB984-A8CA-4657-90D3-54C86B3EE4EF}
	EndGlobalSection
EndGlobal
